// !$*UTF8*$!
{
	archiveVersion = 1;
	classes = {
	};
	objectVersion = 48;
	objects = {

/* Begin PBXBuildFile section */
		84BEE27F20BF896400D381F9 /* AppDelegate.swift in Sources */ = {isa = PBXBuildFile; fileRef = 84BEE27E20BF896400D381F9 /* AppDelegate.swift */; };
		84BEE28120BF896400D381F9 /* ViewController.swift in Sources */ = {isa = PBXBuildFile; fileRef = 84BEE28020BF896400D381F9 /* ViewController.swift */; };
		84BEE28420BF896400D381F9 /* Main.storyboard in Resources */ = {isa = PBXBuildFile; fileRef = 84BEE28220BF896400D381F9 /* Main.storyboard */; };
		84BEE28620BF896400D381F9 /* Assets.xcassets in Resources */ = {isa = PBXBuildFile; fileRef = 84BEE28520BF896400D381F9 /* Assets.xcassets */; };
		84BEE28920BF896400D381F9 /* LaunchScreen.storyboard in Resources */ = {isa = PBXBuildFile; fileRef = 84BEE28720BF896400D381F9 /* LaunchScreen.storyboard */; };
		84BEE29420BF896400D381F9 /* methodTests.swift in Sources */ = {isa = PBXBuildFile; fileRef = 84BEE29320BF896400D381F9 /* methodTests.swift */; };
		84BEE29F20BF896400D381F9 /* methodUITests.swift in Sources */ = {isa = PBXBuildFile; fileRef = 84BEE29E20BF896400D381F9 /* methodUITests.swift */; };
/* End PBXBuildFile section */

/* Begin PBXContainerItemProxy section */
		84BEE29020BF896400D381F9 /* PBXContainerItemProxy */ = {
			isa = PBXContainerItemProxy;
			containerPortal = 84BEE27320BF896300D381F9 /* Project object */;
			proxyType = 1;
			remoteGlobalIDString = 84BEE27A20BF896300D381F9;
			remoteInfo = method;
		};
		84BEE29B20BF896400D381F9 /* PBXContainerItemProxy */ = {
			isa = PBXContainerItemProxy;
			containerPortal = 84BEE27320BF896300D381F9 /* Project object */;
			proxyType = 1;
			remoteGlobalIDString = 84BEE27A20BF896300D381F9;
			remoteInfo = method;
		};
/* End PBXContainerItemProxy section */

/* Begin PBXFileReference section */
		84BEE27B20BF896400D381F9 /* method.app */ = {isa = PBXFileReference; explicitFileType = wrapper.application; includeInIndex = 0; path = method.app; sourceTree = BUILT_PRODUCTS_DIR; };
		84BEE27E20BF896400D381F9 /* AppDelegate.swift */ = {isa = PBXFileReference; lastKnownFileType = sourcecode.swift; path = AppDelegate.swift; sourceTree = "<group>"; };
		84BEE28020BF896400D381F9 /* ViewController.swift */ = {isa = PBXFileReference; lastKnownFileType = sourcecode.swift; path = ViewController.swift; sourceTree = "<group>"; };
		84BEE28320BF896400D381F9 /* Base */ = {isa = PBXFileReference; lastKnownFileType = file.storyboard; name = Base; path = Base.lproj/Main.storyboard; sourceTree = "<group>"; };
		84BEE28520BF896400D381F9 /* Assets.xcassets */ = {isa = PBXFileReference; lastKnownFileType = folder.assetcatalog; path = Assets.xcassets; sourceTree = "<group>"; };
		84BEE28820BF896400D381F9 /* Base */ = {isa = PBXFileReference; lastKnownFileType = file.storyboard; name = Base; path = Base.lproj/LaunchScreen.storyboard; sourceTree = "<group>"; };
		84BEE28A20BF896400D381F9 /* Info.plist */ = {isa = PBXFileReference; lastKnownFileType = text.plist.xml; path = Info.plist; sourceTree = "<group>"; };
		84BEE28F20BF896400D381F9 /* methodTests.xctest */ = {isa = PBXFileReference; explicitFileType = wrapper.cfbundle; includeInIndex = 0; path = methodTests.xctest; sourceTree = BUILT_PRODUCTS_DIR; };
		84BEE29320BF896400D381F9 /* methodTests.swift */ = {isa = PBXFileReference; lastKnownFileType = sourcecode.swift; path = methodTests.swift; sourceTree = "<group>"; };
		84BEE29520BF896400D381F9 /* Info.plist */ = {isa = PBXFileReference; lastKnownFileType = text.plist.xml; path = Info.plist; sourceTree = "<group>"; };
		84BEE29A20BF896400D381F9 /* methodUITests.xctest */ = {isa = PBXFileReference; explicitFileType = wrapper.cfbundle; includeInIndex = 0; path = methodUITests.xctest; sourceTree = BUILT_PRODUCTS_DIR; };
		84BEE29E20BF896400D381F9 /* methodUITests.swift */ = {isa = PBXFileReference; lastKnownFileType = sourcecode.swift; path = methodUITests.swift; sourceTree = "<group>"; };
		84BEE2A020BF896400D381F9 /* Info.plist */ = {isa = PBXFileReference; lastKnownFileType = text.plist.xml; path = Info.plist; sourceTree = "<group>"; };
/* End PBXFileReference section */

/* Begin PBXFrameworksBuildPhase section */
		84BEE27820BF896300D381F9 /* Frameworks */ = {
			isa = PBXFrameworksBuildPhase;
			buildActionMask = 2147483647;
			files = (
			);
			runOnlyForDeploymentPostprocessing = 0;
		};
		84BEE28C20BF896400D381F9 /* Frameworks */ = {
			isa = PBXFrameworksBuildPhase;
			buildActionMask = 2147483647;
			files = (
			);
			runOnlyForDeploymentPostprocessing = 0;
		};
		84BEE29720BF896400D381F9 /* Frameworks */ = {
			isa = PBXFrameworksBuildPhase;
			buildActionMask = 2147483647;
			files = (
			);
			runOnlyForDeploymentPostprocessing = 0;
		};
/* End PBXFrameworksBuildPhase section */

/* Begin PBXGroup section */
		84BEE27220BF896300D381F9 = {
			isa = PBXGroup;
			children = (
				84BEE27D20BF896400D381F9 /* method */,
				84BEE29220BF896400D381F9 /* methodTests */,
				84BEE29D20BF896400D381F9 /* methodUITests */,
				84BEE27C20BF896400D381F9 /* Products */,
			);
			sourceTree = "<group>";
		};
		84BEE27C20BF896400D381F9 /* Products */ = {
			isa = PBXGroup;
			children = (
				84BEE27B20BF896400D381F9 /* method.app */,
				84BEE28F20BF896400D381F9 /* methodTests.xctest */,
				84BEE29A20BF896400D381F9 /* methodUITests.xctest */,
			);
			name = Products;
			sourceTree = "<group>";
		};
		84BEE27D20BF896400D381F9 /* method */ = {
			isa = PBXGroup;
			children = (
				84BEE27E20BF896400D381F9 /* AppDelegate.swift */,
				84BEE28020BF896400D381F9 /* ViewController.swift */,
				84BEE28220BF896400D381F9 /* Main.storyboard */,
				84BEE28520BF896400D381F9 /* Assets.xcassets */,
				84BEE28720BF896400D381F9 /* LaunchScreen.storyboard */,
				84BEE28A20BF896400D381F9 /* Info.plist */,
			);
			path = method;
			sourceTree = "<group>";
		};
		84BEE29220BF896400D381F9 /* methodTests */ = {
			isa = PBXGroup;
			children = (
				84BEE29320BF896400D381F9 /* methodTests.swift */,
				84BEE29520BF896400D381F9 /* Info.plist */,
			);
			path = methodTests;
			sourceTree = "<group>";
		};
		84BEE29D20BF896400D381F9 /* methodUITests */ = {
			isa = PBXGroup;
			children = (
				84BEE29E20BF896400D381F9 /* methodUITests.swift */,
				84BEE2A020BF896400D381F9 /* Info.plist */,
			);
			path = methodUITests;
			sourceTree = "<group>";
		};
/* End PBXGroup section */

/* Begin PBXNativeTarget section */
		84BEE27A20BF896300D381F9 /* method */ = {
			isa = PBXNativeTarget;
			buildConfigurationList = 84BEE2A320BF896400D381F9 /* Build configuration list for PBXNativeTarget "method" */;
			buildPhases = (
				84BEE27720BF896300D381F9 /* Sources */,
				84BEE27820BF896300D381F9 /* Frameworks */,
				84BEE27920BF896300D381F9 /* Resources */,
			);
			buildRules = (
			);
			dependencies = (
			);
			name = method;
			productName = method;
			productReference = 84BEE27B20BF896400D381F9 /* method.app */;
			productType = "com.apple.product-type.application";
		};
		84BEE28E20BF896400D381F9 /* methodTests */ = {
			isa = PBXNativeTarget;
			buildConfigurationList = 84BEE2A620BF896400D381F9 /* Build configuration list for PBXNativeTarget "methodTests" */;
			buildPhases = (
				84BEE28B20BF896400D381F9 /* Sources */,
				84BEE28C20BF896400D381F9 /* Frameworks */,
				84BEE28D20BF896400D381F9 /* Resources */,
			);
			buildRules = (
			);
			dependencies = (
				84BEE29120BF896400D381F9 /* PBXTargetDependency */,
			);
			name = methodTests;
			productName = methodTests;
			productReference = 84BEE28F20BF896400D381F9 /* methodTests.xctest */;
			productType = "com.apple.product-type.bundle.unit-test";
		};
		84BEE29920BF896400D381F9 /* methodUITests */ = {
			isa = PBXNativeTarget;
			buildConfigurationList = 84BEE2A920BF896400D381F9 /* Build configuration list for PBXNativeTarget "methodUITests" */;
			buildPhases = (
				84BEE29620BF896400D381F9 /* Sources */,
				84BEE29720BF896400D381F9 /* Frameworks */,
				84BEE29820BF896400D381F9 /* Resources */,
			);
			buildRules = (
			);
			dependencies = (
				84BEE29C20BF896400D381F9 /* PBXTargetDependency */,
			);
			name = methodUITests;
			productName = methodUITests;
			productReference = 84BEE29A20BF896400D381F9 /* methodUITests.xctest */;
			productType = "com.apple.product-type.bundle.ui-testing";
		};
/* End PBXNativeTarget section */

/* Begin PBXProject section */
		84BEE27320BF896300D381F9 /* Project object */ = {
			isa = PBXProject;
			attributes = {
				LastSwiftUpdateCheck = 0920;
				LastUpgradeCheck = 0920;
				ORGANIZATIONNAME = "Rimika Inoguchi";
				TargetAttributes = {
					84BEE27A20BF896300D381F9 = {
						CreatedOnToolsVersion = 9.2;
						ProvisioningStyle = Automatic;
					};
					84BEE28E20BF896400D381F9 = {
						CreatedOnToolsVersion = 9.2;
						ProvisioningStyle = Automatic;
						TestTargetID = 84BEE27A20BF896300D381F9;
					};
					84BEE29920BF896400D381F9 = {
						CreatedOnToolsVersion = 9.2;
						ProvisioningStyle = Automatic;
						TestTargetID = 84BEE27A20BF896300D381F9;
					};
				};
			};
			buildConfigurationList = 84BEE27620BF896300D381F9 /* Build configuration list for PBXProject "method" */;
			compatibilityVersion = "Xcode 8.0";
			developmentRegion = en;
			hasScannedForEncodings = 0;
			knownRegions = (
				en,
				Base,
			);
			mainGroup = 84BEE27220BF896300D381F9;
			productRefGroup = 84BEE27C20BF896400D381F9 /* Products */;
			projectDirPath = "";
			projectRoot = "";
			targets = (
				84BEE27A20BF896300D381F9 /* method */,
				84BEE28E20BF896400D381F9 /* methodTests */,
				84BEE29920BF896400D381F9 /* methodUITests */,
			);
		};
/* End PBXProject section */

/* Begin PBXResourcesBuildPhase section */
		84BEE27920BF896300D381F9 /* Resources */ = {
			isa = PBXResourcesBuildPhase;
			buildActionMask = 2147483647;
			files = (
				84BEE28920BF896400D381F9 /* LaunchScreen.storyboard in Resources */,
				84BEE28620BF896400D381F9 /* Assets.xcassets in Resources */,
				84BEE28420BF896400D381F9 /* Main.storyboard in Resources */,
			);
			runOnlyForDeploymentPostprocessing = 0;
		};
		84BEE28D20BF896400D381F9 /* Resources */ = {
			isa = PBXResourcesBuildPhase;
			buildActionMask = 2147483647;
			files = (
			);
			runOnlyForDeploymentPostprocessing = 0;
		};
		84BEE29820BF896400D381F9 /* Resources */ = {
			isa = PBXResourcesBuildPhase;
			buildActionMask = 2147483647;
			files = (
			);
			runOnlyForDeploymentPostprocessing = 0;
		};
/* End PBXResourcesBuildPhase section */

/* Begin PBXSourcesBuildPhase section */
		84BEE27720BF896300D381F9 /* Sources */ = {
			isa = PBXSourcesBuildPhase;
			buildActionMask = 2147483647;
			files = (
				84BEE28120BF896400D381F9 /* ViewController.swift in Sources */,
				84BEE27F20BF896400D381F9 /* AppDelegate.swift in Sources */,
			);
			runOnlyForDeploymentPostprocessing = 0;
		};
		84BEE28B20BF896400D381F9 /* Sources */ = {
			isa = PBXSourcesBuildPhase;
			buildActionMask = 2147483647;
			files = (
				84BEE29420BF896400D381F9 /* methodTests.swift in Sources */,
			);
			runOnlyForDeploymentPostprocessing = 0;
		};
		84BEE29620BF896400D381F9 /* Sources */ = {
			isa = PBXSourcesBuildPhase;
			buildActionMask = 2147483647;
			files = (
				84BEE29F20BF896400D381F9 /* methodUITests.swift in Sources */,
			);
			runOnlyForDeploymentPostprocessing = 0;
		};
/* End PBXSourcesBuildPhase section */

/* Begin PBXTargetDependency section */
		84BEE29120BF896400D381F9 /* PBXTargetDependency */ = {
			isa = PBXTargetDependency;
			target = 84BEE27A20BF896300D381F9 /* method */;
			targetProxy = 84BEE29020BF896400D381F9 /* PBXContainerItemProxy */;
		};
		84BEE29C20BF896400D381F9 /* PBXTargetDependency */ = {
			isa = PBXTargetDependency;
			target = 84BEE27A20BF896300D381F9 /* method */;
			targetProxy = 84BEE29B20BF896400D381F9 /* PBXContainerItemProxy */;
		};
/* End PBXTargetDependency section */

/* Begin PBXVariantGroup section */
		84BEE28220BF896400D381F9 /* Main.storyboard */ = {
			isa = PBXVariantGroup;
			children = (
				84BEE28320BF896400D381F9 /* Base */,
			);
			name = Main.storyboard;
			sourceTree = "<group>";
		};
		84BEE28720BF896400D381F9 /* LaunchScreen.storyboard */ = {
			isa = PBXVariantGroup;
			children = (
				84BEE28820BF896400D381F9 /* Base */,
			);
			name = LaunchScreen.storyboard;
			sourceTree = "<group>";
		};
/* End PBXVariantGroup section */

/* Begin XCBuildConfiguration section */
		84BEE2A120BF896400D381F9 /* Debug */ = {
			isa = XCBuildConfiguration;
			buildSettings = {
				ALWAYS_SEARCH_USER_PATHS = NO;
				CLANG_ANALYZER_NONNULL = YES;
				CLANG_ANALYZER_NUMBER_OBJECT_CONVERSION = YES_AGGRESSIVE;
				CLANG_CXX_LANGUAGE_STANDARD = "gnu++14";
				CLANG_CXX_LIBRARY = "libc++";
				CLANG_ENABLE_MODULES = YES;
				CLANG_ENABLE_OBJC_ARC = YES;
				CLANG_WARN_BLOCK_CAPTURE_AUTORELEASING = YES;
				CLANG_WARN_BOOL_CONVERSION = YES;
				CLANG_WARN_COMMA = YES;
				CLANG_WARN_CONSTANT_CONVERSION = YES;
				CLANG_WARN_DIRECT_OBJC_ISA_USAGE = YES_ERROR;
				CLANG_WARN_DOCUMENTATION_COMMENTS = YES;
				CLANG_WARN_EMPTY_BODY = YES;
				CLANG_WARN_ENUM_CONVERSION = YES;
				CLANG_WARN_INFINITE_RECURSION = YES;
				CLANG_WARN_INT_CONVERSION = YES;
				CLANG_WARN_NON_LITERAL_NULL_CONVERSION = YES;
				CLANG_WARN_OBJC_LITERAL_CONVERSION = YES;
				CLANG_WARN_OBJC_ROOT_CLASS = YES_ERROR;
				CLANG_WARN_RANGE_LOOP_ANALYSIS = YES;
				CLANG_WARN_STRICT_PROTOTYPES = YES;
				CLANG_WARN_SUSPICIOUS_MOVE = YES;
				CLANG_WARN_UNGUARDED_AVAILABILITY = YES_AGGRESSIVE;
				CLANG_WARN_UNREACHABLE_CODE = YES;
				CLANG_WARN__DUPLICATE_METHOD_MATCH = YES;
				CODE_SIGN_IDENTITY = "iPhone Developer";
				COPY_PHASE_STRIP = NO;
				DEBUG_INFORMATION_FORMAT = dwarf;
				ENABLE_STRICT_OBJC_MSGSEND = YES;
				ENABLE_TESTABILITY = YES;
				GCC_C_LANGUAGE_STANDARD = gnu11;
				GCC_DYNAMIC_NO_PIC = NO;
				GCC_NO_COMMON_BLOCKS = YES;
				GCC_OPTIMIZATION_LEVEL = 0;
				GCC_PREPROCESSOR_DEFINITIONS = (
					"DEBUG=1",
					"$(inherited)",
				);
				GCC_WARN_64_TO_32_BIT_CONVERSION = YES;
				GCC_WARN_ABOUT_RETURN_TYPE = YES_ERROR;
				GCC_WARN_UNDECLARED_SELECTOR = YES;
				GCC_WARN_UNINITIALIZED_AUTOS = YES_AGGRESSIVE;
				GCC_WARN_UNUSED_FUNCTION = YES;
				GCC_WARN_UNUSED_VARIABLE = YES;
				IPHONEOS_DEPLOYMENT_TARGET = 11.2;
				MTL_ENABLE_DEBUG_INFO = YES;
				ONLY_ACTIVE_ARCH = YES;
				SDKROOT = iphoneos;
				SWIFT_ACTIVE_COMPILATION_CONDITIONS = DEBUG;
				SWIFT_OPTIMIZATION_LEVEL = "-Onone";
			};
			name = Debug;
		};
		84BEE2A220BF896400D381F9 /* Release */ = {
			isa = XCBuildConfiguration;
			buildSettings = {
				ALWAYS_SEARCH_USER_PATHS = NO;
				CLANG_ANALYZER_NONNULL = YES;
				CLANG_ANALYZER_NUMBER_OBJECT_CONVERSION = YES_AGGRESSIVE;
				CLANG_CXX_LANGUAGE_STANDARD = "gnu++14";
				CLANG_CXX_LIBRARY = "libc++";
				CLANG_ENABLE_MODULES = YES;
				CLANG_ENABLE_OBJC_ARC = YES;
				CLANG_WARN_BLOCK_CAPTURE_AUTORELEASING = YES;
				CLANG_WARN_BOOL_CONVERSION = YES;
				CLANG_WARN_COMMA = YES;
				CLANG_WARN_CONSTANT_CONVERSION = YES;
				CLANG_WARN_DIRECT_OBJC_ISA_USAGE = YES_ERROR;
				CLANG_WARN_DOCUMENTATION_COMMENTS = YES;
				CLANG_WARN_EMPTY_BODY = YES;
				CLANG_WARN_ENUM_CONVERSION = YES;
				CLANG_WARN_INFINITE_RECURSION = YES;
				CLANG_WARN_INT_CONVERSION = YES;
				CLANG_WARN_NON_LITERAL_NULL_CONVERSION = YES;
				CLANG_WARN_OBJC_LITERAL_CONVERSION = YES;
				CLANG_WARN_OBJC_ROOT_CLASS = YES_ERROR;
				CLANG_WARN_RANGE_LOOP_ANALYSIS = YES;
				CLANG_WARN_STRICT_PROTOTYPES = YES;
				CLANG_WARN_SUSPICIOUS_MOVE = YES;
				CLANG_WARN_UNGUARDED_AVAILABILITY = YES_AGGRESSIVE;
				CLANG_WARN_UNREACHABLE_CODE = YES;
				CLANG_WARN__DUPLICATE_METHOD_MATCH = YES;
				CODE_SIGN_IDENTITY = "iPhone Developer";
				COPY_PHASE_STRIP = NO;
				DEBUG_INFORMATION_FORMAT = "dwarf-with-dsym";
				ENABLE_NS_ASSERTIONS = NO;
				ENABLE_STRICT_OBJC_MSGSEND = YES;
				GCC_C_LANGUAGE_STANDARD = gnu11;
				GCC_NO_COMMON_BLOCKS = YES;
				GCC_WARN_64_TO_32_BIT_CONVERSION = YES;
				GCC_WARN_ABOUT_RETURN_TYPE = YES_ERROR;
				GCC_WARN_UNDECLARED_SELECTOR = YES;
				GCC_WARN_UNINITIALIZED_AUTOS = YES_AGGRESSIVE;
				GCC_WARN_UNUSED_FUNCTION = YES;
				GCC_WARN_UNUSED_VARIABLE = YES;
				IPHONEOS_DEPLOYMENT_TARGET = 11.2;
				MTL_ENABLE_DEBUG_INFO = NO;
				SDKROOT = iphoneos;
				SWIFT_OPTIMIZATION_LEVEL = "-Owholemodule";
				VALIDATE_PRODUCT = YES;
			};
			name = Release;
		};
		84BEE2A420BF896400D381F9 /* Debug */ = {
			isa = XCBuildConfiguration;
			buildSettings = {
				ASSETCATALOG_COMPILER_APPICON_NAME = AppIcon;
				CODE_SIGN_STYLE = Automatic;
				INFOPLIST_FILE = method/Info.plist;
				LD_RUNPATH_SEARCH_PATHS = "$(inherited) @executable_path/Frameworks";
				PRODUCT_BUNDLE_IDENTIFIER = com.littech.method;
				PRODUCT_NAME = "$(TARGET_NAME)";
				SWIFT_VERSION = 4.0;
				TARGETED_DEVICE_FAMILY = "1,2";
			};
			name = Debug;
		};
		84BEE2A520BF896400D381F9 /* Release */ = {
			isa = XCBuildConfiguration;
			buildSettings = {
				ASSETCATALOG_COMPILER_APPICON_NAME = AppIcon;
				CODE_SIGN_STYLE = Automatic;
				INFOPLIST_FILE = method/Info.plist;
				LD_RUNPATH_SEARCH_PATHS = "$(inherited) @executable_path/Frameworks";
				PRODUCT_BUNDLE_IDENTIFIER = com.littech.method;
				PRODUCT_NAME = "$(TARGET_NAME)";
				SWIFT_VERSION = 4.0;
				TARGETED_DEVICE_FAMILY = "1,2";
			};
			name = Release;
		};
		84BEE2A720BF896400D381F9 /* Debug */ = {
			isa = XCBuildConfiguration;
			buildSettings = {
				ALWAYS_EMBED_SWIFT_STANDARD_LIBRARIES = YES;
				BUNDLE_LOADER = "$(TEST_HOST)";
				CODE_SIGN_STYLE = Automatic;
				INFOPLIST_FILE = methodTests/Info.plist;
				LD_RUNPATH_SEARCH_PATHS = "$(inherited) @executable_path/Frameworks @loader_path/Frameworks";
				PRODUCT_BUNDLE_IDENTIFIER = com.littech.methodTests;
				PRODUCT_NAME = "$(TARGET_NAME)";
				SWIFT_VERSION = 4.0;
				TARGETED_DEVICE_FAMILY = "1,2";
				TEST_HOST = "$(BUILT_PRODUCTS_DIR)/method.app/method";
			};
			name = Debug;
		};
		84BEE2A820BF896400D381F9 /* Release */ = {
			isa = XCBuildConfiguration;
			buildSettings = {
				ALWAYS_EMBED_SWIFT_STANDARD_LIBRARIES = YES;
				BUNDLE_LOADER = "$(TEST_HOST)";
				CODE_SIGN_STYLE = Automatic;
				INFOPLIST_FILE = methodTests/Info.plist;
				LD_RUNPATH_SEARCH_PATHS = "$(inherited) @executable_path/Frameworks @loader_path/Frameworks";
				PRODUCT_BUNDLE_IDENTIFIER = com.littech.methodTests;
				PRODUCT_NAME = "$(TARGET_NAME)";
				SWIFT_VERSION = 4.0;
				TARGETED_DEVICE_FAMILY = "1,2";
				TEST_HOST = "$(BUILT_PRODUCTS_DIR)/method.app/method";
			};
			name = Release;
		};
		84BEE2AA20BF896400D381F9 /* Debug */ = {
			isa = XCBuildConfiguration;
			buildSettings = {
				ALWAYS_EMBED_SWIFT_STANDARD_LIBRARIES = YES;
				CODE_SIGN_STYLE = Automatic;
				INFOPLIST_FILE = methodUITests/Info.plist;
				LD_RUNPATH_SEARCH_PATHS = "$(inherited) @executable_path/Frameworks @loader_path/Frameworks";
				PRODUCT_BUNDLE_IDENTIFIER = com.littech.methodUITests;
				PRODUCT_NAME = "$(TARGET_NAME)";
				SWIFT_VERSION = 4.0;
				TARGETED_DEVICE_FAMILY = "1,2";
				TEST_TARGET_NAME = method;
			};
			name = Debug;
		};
		84BEE2AB20BF896400D381F9 /* Release */ = {
			isa = XCBuildConfiguration;
			buildSettings = {
				ALWAYS_EMBED_SWIFT_STANDARD_LIBRARIES = YES;
				CODE_SIGN_STYLE = Automatic;
				INFOPLIST_FILE = methodUITests/Info.plist;
				LD_RUNPATH_SEARCH_PATHS = "$(inherited) @executable_path/Frameworks @loader_path/Frameworks";
				PRODUCT_BUNDLE_IDENTIFIER = com.littech.methodUITests;
				PRODUCT_NAME = "$(TARGET_NAME)";
				SWIFT_VERSION = 4.0;
				TARGETED_DEVICE_FAMILY = "1,2";
				TEST_TARGET_NAME = method;
			};
			name = Release;
		};
/* End XCBuildConfiguration section */

/* Begin XCConfigurationList section */
		84BEE27620BF896300D381F9 /* Build configuration list for PBXProject "method" */ = {
			isa = XCConfigurationList;
			buildConfigurations = (
				84BEE2A120BF896400D381F9 /* Debug */,
				84BEE2A220BF896400D381F9 /* Release */,
			);
			defaultConfigurationIsVisible = 0;
			defaultConfigurationName = Release;
		};
		84BEE2A320BF896400D381F9 /* Build configuration list for PBXNativeTarget "method" */ = {
			isa = XCConfigurationList;
			buildConfigurations = (
				84BEE2A420BF896400D381F9 /* Debug */,
				84BEE2A520BF896400D381F9 /* Release */,
			);
			defaultConfigurationIsVisible = 0;
			defaultConfigurationName = Release;
		};
		84BEE2A620BF896400D381F9 /* Build configuration list for PBXNativeTarget "methodTests" */ = {
			isa = XCConfigurationList;
			buildConfigurations = (
				84BEE2A720BF896400D381F9 /* Debug */,
				84BEE2A820BF896400D381F9 /* Release */,
			);
			defaultConfigurationIsVisible = 0;
			defaultConfigurationName = Release;
		};
		84BEE2A920BF896400D381F9 /* Build configuration list for PBXNativeTarget "methodUITests" */ = {
			isa = XCConfigurationList;
			buildConfigurations = (
				84BEE2AA20BF896400D381F9 /* Debug */,
				84BEE2AB20BF896400D381F9 /* Release */,
			);
			defaultConfigurationIsVisible = 0;
			defaultConfigurationName = Release;
		};
/* End XCConfigurationList section */
	};
	rootObject = 84BEE27320BF896300D381F9 /* Project object */;
}
